
Microsoft Visual Studio Solution File, Format Version 12.00
# Visual Studio 15
VisualStudioVersion = 15.0.26124.0
MinimumVisualStudioVersion = 15.0.26124.0
Project("{FAE04EC0-301F-11D3-BF4B-00C04F79EFBC}") = "Client", "Client\Client.csproj", "{A7671830-E4D8-44AD-80B0-2105FBD9489A}"
EndProject
Project("{FAE04EC0-301F-11D3-BF4B-00C04F79EFBC}") = "Server", "Server\Server.csproj", "{FA6EF1A9-C33A-484B-9C7D-6DC1DE797B44}"
EndProject
Project("{FAE04EC0-301F-11D3-BF4B-00C04F79EFBC}") = "Tests", "Tests\Tests.csproj", "{F44B63B8-C781-4E8F-B5DC-64AED219FF7F}"
EndProject
Project("{2150E333-8FDC-42A3-9474-1A3956D46DE8}") = "CodeGen", "CodeGen", "{36623BC5-EEE6-4437-9B2B-9C7EA133ECC8}"
EndProject
Project("{FAE04EC0-301F-11D3-BF4B-00C04F79EFBC}") = "Generators", "CodeGen\Generators\Generators.csproj", "{05BDF942-ECD0-4E2C-9C4C-EAA2F95DECD5}"
EndProject
Project("{FAE04EC0-301F-11D3-BF4B-00C04F79EFBC}") = "Attributes", "CodeGen\Attributes\Attributes.csproj", "{3089CF5E-27CE-4398-8EF1-74EE6C355B1C}"
EndProject
Project("{FAE04EC0-301F-11D3-BF4B-00C04F79EFBC}") = "Util", "Util\Util.csproj", "{CCB78901-25DF-4834-BEB1-C3C477885DD4}"
EndProject
Global
	GlobalSection(SolutionConfigurationPlatforms) = preSolution
		Debug|Any CPU = Debug|Any CPU
		Debug|x64 = Debug|x64
		Debug|x86 = Debug|x86
		Release|Any CPU = Release|Any CPU
		Release|x64 = Release|x64
		Release|x86 = Release|x86
	EndGlobalSection
	GlobalSection(SolutionProperties) = preSolution
		HideSolutionNode = FALSE
	EndGlobalSection
	GlobalSection(ProjectConfigurationPlatforms) = postSolution
		{A7671830-E4D8-44AD-80B0-2105FBD9489A}.Debug|Any CPU.ActiveCfg = Debug|Any CPU
		{A7671830-E4D8-44AD-80B0-2105FBD9489A}.Debug|Any CPU.Build.0 = Debug|Any CPU
		{A7671830-E4D8-44AD-80B0-2105FBD9489A}.Debug|x64.ActiveCfg = Debug|Any CPU
		{A7671830-E4D8-44AD-80B0-2105FBD9489A}.Debug|x64.Build.0 = Debug|Any CPU
		{A7671830-E4D8-44AD-80B0-2105FBD9489A}.Debug|x86.ActiveCfg = Debug|Any CPU
		{A7671830-E4D8-44AD-80B0-2105FBD9489A}.Debug|x86.Build.0 = Debug|Any CPU
		{A7671830-E4D8-44AD-80B0-2105FBD9489A}.Release|Any CPU.ActiveCfg = Release|Any CPU
		{A7671830-E4D8-44AD-80B0-2105FBD9489A}.Release|Any CPU.Build.0 = Release|Any CPU
		{A7671830-E4D8-44AD-80B0-2105FBD9489A}.Release|x64.ActiveCfg = Release|Any CPU
		{A7671830-E4D8-44AD-80B0-2105FBD9489A}.Release|x64.Build.0 = Release|Any CPU
		{A7671830-E4D8-44AD-80B0-2105FBD9489A}.Release|x86.ActiveCfg = Release|Any CPU
		{A7671830-E4D8-44AD-80B0-2105FBD9489A}.Release|x86.Build.0 = Release|Any CPU
		{FA6EF1A9-C33A-484B-9C7D-6DC1DE797B44}.Debug|Any CPU.ActiveCfg = Debug|Any CPU
		{FA6EF1A9-C33A-484B-9C7D-6DC1DE797B44}.Debug|Any CPU.Build.0 = Debug|Any CPU
		{FA6EF1A9-C33A-484B-9C7D-6DC1DE797B44}.Debug|x64.ActiveCfg = Debug|Any CPU
		{FA6EF1A9-C33A-484B-9C7D-6DC1DE797B44}.Debug|x64.Build.0 = Debug|Any CPU
		{FA6EF1A9-C33A-484B-9C7D-6DC1DE797B44}.Debug|x86.ActiveCfg = Debug|Any CPU
		{FA6EF1A9-C33A-484B-9C7D-6DC1DE797B44}.Debug|x86.Build.0 = Debug|Any CPU
		{FA6EF1A9-C33A-484B-9C7D-6DC1DE797B44}.Release|Any CPU.ActiveCfg = Release|Any CPU
		{FA6EF1A9-C33A-484B-9C7D-6DC1DE797B44}.Release|Any CPU.Build.0 = Release|Any CPU
		{FA6EF1A9-C33A-484B-9C7D-6DC1DE797B44}.Release|x64.ActiveCfg = Release|Any CPU
		{FA6EF1A9-C33A-484B-9C7D-6DC1DE797B44}.Release|x64.Build.0 = Release|Any CPU
		{FA6EF1A9-C33A-484B-9C7D-6DC1DE797B44}.Release|x86.ActiveCfg = Release|Any CPU
		{FA6EF1A9-C33A-484B-9C7D-6DC1DE797B44}.Release|x86.Build.0 = Release|Any CPU
		{F44B63B8-C781-4E8F-B5DC-64AED219FF7F}.Debug|Any CPU.ActiveCfg = Debug|Any CPU
		{F44B63B8-C781-4E8F-B5DC-64AED219FF7F}.Debug|Any CPU.Build.0 = Debug|Any CPU
		{F44B63B8-C781-4E8F-B5DC-64AED219FF7F}.Debug|x64.ActiveCfg = Debug|Any CPU
		{F44B63B8-C781-4E8F-B5DC-64AED219FF7F}.Debug|x64.Build.0 = Debug|Any CPU
		{F44B63B8-C781-4E8F-B5DC-64AED219FF7F}.Debug|x86.ActiveCfg = Debug|Any CPU
		{F44B63B8-C781-4E8F-B5DC-64AED219FF7F}.Debug|x86.Build.0 = Debug|Any CPU
		{F44B63B8-C781-4E8F-B5DC-64AED219FF7F}.Release|Any CPU.ActiveCfg = Release|Any CPU
		{F44B63B8-C781-4E8F-B5DC-64AED219FF7F}.Release|Any CPU.Build.0 = Release|Any CPU
		{F44B63B8-C781-4E8F-B5DC-64AED219FF7F}.Release|x64.ActiveCfg = Release|Any CPU
		{F44B63B8-C781-4E8F-B5DC-64AED219FF7F}.Release|x64.Build.0 = Release|Any CPU
		{F44B63B8-C781-4E8F-B5DC-64AED219FF7F}.Release|x86.ActiveCfg = Release|Any CPU
		{F44B63B8-C781-4E8F-B5DC-64AED219FF7F}.Release|x86.Build.0 = Release|Any CPU
		{05BDF942-ECD0-4E2C-9C4C-EAA2F95DECD5}.Debug|Any CPU.ActiveCfg = Debug|Any CPU
		{05BDF942-ECD0-4E2C-9C4C-EAA2F95DECD5}.Debug|Any CPU.Build.0 = Debug|Any CPU
		{05BDF942-ECD0-4E2C-9C4C-EAA2F95DECD5}.Debug|x64.ActiveCfg = Debug|Any CPU
		{05BDF942-ECD0-4E2C-9C4C-EAA2F95DECD5}.Debug|x64.Build.0 = Debug|Any CPU
		{05BDF942-ECD0-4E2C-9C4C-EAA2F95DECD5}.Debug|x86.ActiveCfg = Debug|Any CPU
		{05BDF942-ECD0-4E2C-9C4C-EAA2F95DECD5}.Debug|x86.Build.0 = Debug|Any CPU
		{05BDF942-ECD0-4E2C-9C4C-EAA2F95DECD5}.Release|Any CPU.ActiveCfg = Release|Any CPU
		{05BDF942-ECD0-4E2C-9C4C-EAA2F95DECD5}.Release|Any CPU.Build.0 = Release|Any CPU
		{05BDF942-ECD0-4E2C-9C4C-EAA2F95DECD5}.Release|x64.ActiveCfg = Release|Any CPU
		{05BDF942-ECD0-4E2C-9C4C-EAA2F95DECD5}.Release|x64.Build.0 = Release|Any CPU
		{05BDF942-ECD0-4E2C-9C4C-EAA2F95DECD5}.Release|x86.ActiveCfg = Release|Any CPU
		{05BDF942-ECD0-4E2C-9C4C-EAA2F95DECD5}.Release|x86.Build.0 = Release|Any CPU
		{3089CF5E-27CE-4398-8EF1-74EE6C355B1C}.Debug|Any CPU.ActiveCfg = Debug|Any CPU
		{3089CF5E-27CE-4398-8EF1-74EE6C355B1C}.Debug|Any CPU.Build.0 = Debug|Any CPU
		{3089CF5E-27CE-4398-8EF1-74EE6C355B1C}.Debug|x64.ActiveCfg = Debug|Any CPU
		{3089CF5E-27CE-4398-8EF1-74EE6C355B1C}.Debug|x64.Build.0 = Debug|Any CPU
		{3089CF5E-27CE-4398-8EF1-74EE6C355B1C}.Debug|x86.ActiveCfg = Debug|Any CPU
		{3089CF5E-27CE-4398-8EF1-74EE6C355B1C}.Debug|x86.Build.0 = Debug|Any CPU
		{3089CF5E-27CE-4398-8EF1-74EE6C355B1C}.Release|Any CPU.ActiveCfg = Release|Any CPU
		{3089CF5E-27CE-4398-8EF1-74EE6C355B1C}.Release|Any CPU.Build.0 = Release|Any CPU
		{3089CF5E-27CE-4398-8EF1-74EE6C355B1C}.Release|x64.ActiveCfg = Release|Any CPU
		{3089CF5E-27CE-4398-8EF1-74EE6C355B1C}.Release|x64.Build.0 = Release|Any CPU
		{3089CF5E-27CE-4398-8EF1-74EE6C355B1C}.Release|x86.ActiveCfg = Release|Any CPU
		{3089CF5E-27CE-4398-8EF1-74EE6C355B1C}.Release|x86.Build.0 = Release|Any CPU
		{CCB78901-25DF-4834-BEB1-C3C477885DD4}.Debug|Any CPU.ActiveCfg = Debug|Any CPU
		{CCB78901-25DF-4834-BEB1-C3C477885DD4}.Debug|Any CPU.Build.0 = Debug|Any CPU
		{CCB78901-25DF-4834-BEB1-C3C477885DD4}.Debug|x64.ActiveCfg = Debug|Any CPU
		{CCB78901-25DF-4834-BEB1-C3C477885DD4}.Debug|x64.Build.0 = Debug|Any CPU
		{CCB78901-25DF-4834-BEB1-C3C477885DD4}.Debug|x86.ActiveCfg = Debug|Any CPU
		{CCB78901-25DF-4834-BEB1-C3C477885DD4}.Debug|x86.Build.0 = Debug|Any CPU
		{CCB78901-25DF-4834-BEB1-C3C477885DD4}.Release|Any CPU.ActiveCfg = Release|Any CPU
		{CCB78901-25DF-4834-BEB1-C3C477885DD4}.Release|Any CPU.Build.0 = Release|Any CPU
		{CCB78901-25DF-4834-BEB1-C3C477885DD4}.Release|x64.ActiveCfg = Release|Any CPU
		{CCB78901-25DF-4834-BEB1-C3C477885DD4}.Release|x64.Build.0 = Release|Any CPU
		{CCB78901-25DF-4834-BEB1-C3C477885DD4}.Release|x86.ActiveCfg = Release|Any CPU
		{CCB78901-25DF-4834-BEB1-C3C477885DD4}.Release|x86.Build.0 = Release|Any CPU
	EndGlobalSection
	GlobalSection(NestedProjects) = preSolution
		{05BDF942-ECD0-4E2C-9C4C-EAA2F95DECD5} = {36623BC5-EEE6-4437-9B2B-9C7EA133ECC8}
		{3089CF5E-27CE-4398-8EF1-74EE6C355B1C} = {36623BC5-EEE6-4437-9B2B-9C7EA133ECC8}
	EndGlobalSection
EndGlobal
