
Microsoft Visual Studio Solution File, Format Version 12.00
# Visual Studio 15
VisualStudioVersion = 15.0.26124.0
MinimumVisualStudioVersion = 15.0.26124.0
Project("{FAE04EC0-301F-11D3-BF4B-00C04F79EFBC}") = "Client", "Client\Client.csproj", "{A7671830-E4D8-44AD-80B0-2105FBD9489A}"
EndProject
Project("{F2A71F9B-5D33-465A-A702-920D77279786}") = "Server", "Server\Server.fsproj", "{E75D8127-AE02-4F77-9EDE-F455E71F3911}"
EndProject
Project("{F2A71F9B-5D33-465A-A702-920D77279786}") = "Server.Tests", "Server.Tests\Server.Tests.fsproj", "{8046B042-9F97-4A20-B737-68EB41FFDC66}"
EndProject
Global
	GlobalSection(SolutionConfigurationPlatforms) = preSolution
		Debug|Any CPU = Debug|Any CPU
		Debug|x64 = Debug|x64
		Debug|x86 = Debug|x86
		Release|Any CPU = Release|Any CPU
		Release|x64 = Release|x64
		Release|x86 = Release|x86
	EndGlobalSection
	GlobalSection(SolutionProperties) = preSolution
		HideSolutionNode = FALSE
	EndGlobalSection
	GlobalSection(ProjectConfigurationPlatforms) = postSolution
		{A7671830-E4D8-44AD-80B0-2105FBD9489A}.Debug|Any CPU.ActiveCfg = Debug|Any CPU
		{A7671830-E4D8-44AD-80B0-2105FBD9489A}.Debug|Any CPU.Build.0 = Debug|Any CPU
		{A7671830-E4D8-44AD-80B0-2105FBD9489A}.Debug|x64.ActiveCfg = Debug|Any CPU
		{A7671830-E4D8-44AD-80B0-2105FBD9489A}.Debug|x64.Build.0 = Debug|Any CPU
		{A7671830-E4D8-44AD-80B0-2105FBD9489A}.Debug|x86.ActiveCfg = Debug|Any CPU
		{A7671830-E4D8-44AD-80B0-2105FBD9489A}.Debug|x86.Build.0 = Debug|Any CPU
		{A7671830-E4D8-44AD-80B0-2105FBD9489A}.Release|Any CPU.ActiveCfg = Release|Any CPU
		{A7671830-E4D8-44AD-80B0-2105FBD9489A}.Release|Any CPU.Build.0 = Release|Any CPU
		{A7671830-E4D8-44AD-80B0-2105FBD9489A}.Release|x64.ActiveCfg = Release|Any CPU
		{A7671830-E4D8-44AD-80B0-2105FBD9489A}.Release|x64.Build.0 = Release|Any CPU
		{A7671830-E4D8-44AD-80B0-2105FBD9489A}.Release|x86.ActiveCfg = Release|Any CPU
		{A7671830-E4D8-44AD-80B0-2105FBD9489A}.Release|x86.Build.0 = Release|Any CPU
		{E75D8127-AE02-4F77-9EDE-F455E71F3911}.Debug|Any CPU.ActiveCfg = Debug|Any CPU
		{E75D8127-AE02-4F77-9EDE-F455E71F3911}.Debug|Any CPU.Build.0 = Debug|Any CPU
		{E75D8127-AE02-4F77-9EDE-F455E71F3911}.Debug|x64.ActiveCfg = Debug|Any CPU
		{E75D8127-AE02-4F77-9EDE-F455E71F3911}.Debug|x64.Build.0 = Debug|Any CPU
		{E75D8127-AE02-4F77-9EDE-F455E71F3911}.Debug|x86.ActiveCfg = Debug|Any CPU
		{E75D8127-AE02-4F77-9EDE-F455E71F3911}.Debug|x86.Build.0 = Debug|Any CPU
		{E75D8127-AE02-4F77-9EDE-F455E71F3911}.Release|Any CPU.ActiveCfg = Release|Any CPU
		{E75D8127-AE02-4F77-9EDE-F455E71F3911}.Release|Any CPU.Build.0 = Release|Any CPU
		{E75D8127-AE02-4F77-9EDE-F455E71F3911}.Release|x64.ActiveCfg = Release|Any CPU
		{E75D8127-AE02-4F77-9EDE-F455E71F3911}.Release|x64.Build.0 = Release|Any CPU
		{E75D8127-AE02-4F77-9EDE-F455E71F3911}.Release|x86.ActiveCfg = Release|Any CPU
		{E75D8127-AE02-4F77-9EDE-F455E71F3911}.Release|x86.Build.0 = Release|Any CPU
		{8046B042-9F97-4A20-B737-68EB41FFDC66}.Debug|Any CPU.ActiveCfg = Debug|Any CPU
		{8046B042-9F97-4A20-B737-68EB41FFDC66}.Debug|Any CPU.Build.0 = Debug|Any CPU
		{8046B042-9F97-4A20-B737-68EB41FFDC66}.Debug|x64.ActiveCfg = Debug|Any CPU
		{8046B042-9F97-4A20-B737-68EB41FFDC66}.Debug|x64.Build.0 = Debug|Any CPU
		{8046B042-9F97-4A20-B737-68EB41FFDC66}.Debug|x86.ActiveCfg = Debug|Any CPU
		{8046B042-9F97-4A20-B737-68EB41FFDC66}.Debug|x86.Build.0 = Debug|Any CPU
		{8046B042-9F97-4A20-B737-68EB41FFDC66}.Release|Any CPU.ActiveCfg = Release|Any CPU
		{8046B042-9F97-4A20-B737-68EB41FFDC66}.Release|Any CPU.Build.0 = Release|Any CPU
		{8046B042-9F97-4A20-B737-68EB41FFDC66}.Release|x64.ActiveCfg = Release|Any CPU
		{8046B042-9F97-4A20-B737-68EB41FFDC66}.Release|x64.Build.0 = Release|Any CPU
		{8046B042-9F97-4A20-B737-68EB41FFDC66}.Release|x86.ActiveCfg = Release|Any CPU
		{8046B042-9F97-4A20-B737-68EB41FFDC66}.Release|x86.Build.0 = Release|Any CPU
	EndGlobalSection
EndGlobal
